
Microsoft Visual Studio Solution File, Format Version 12.00
# Visual Studio Version 17
VisualStudioVersion = 17.9.34616.47
MinimumVisualStudioVersion = 10.0.40219.1
Project("{9A19103F-16F7-4668-BE54-9A1E7A4F7556}") = "DatEditor.Display", "DatEditor.Display\DatEditor.Display.csproj", "{1E7FB539-680E-4F0C-A26C-E683A207A107}"
EndProject
Project("{9A19103F-16F7-4668-BE54-9A1E7A4F7556}") = "DatEditor.GUI", "DatEditor.GUI\DatEditor.GUI.csproj", "{80B1CB02-C288-40BB-ACB7-A52406021D2F}"
EndProject
Global
	GlobalSection(SolutionConfigurationPlatforms) = preSolution
		Debug|Any CPU = Debug|Any CPU
		Release|Any CPU = Release|Any CPU
	EndGlobalSection
	GlobalSection(ProjectConfigurationPlatforms) = postSolution
		{1E7FB539-680E-4F0C-A26C-E683A207A107}.Debug|Any CPU.ActiveCfg = Debug|Any CPU
		{1E7FB539-680E-4F0C-A26C-E683A207A107}.Debug|Any CPU.Build.0 = Debug|Any CPU
		{1E7FB539-680E-4F0C-A26C-E683A207A107}.Release|Any CPU.ActiveCfg = Release|Any CPU
		{1E7FB539-680E-4F0C-A26C-E683A207A107}.Release|Any CPU.Build.0 = Release|Any CPU
		{80B1CB02-C288-40BB-ACB7-A52406021D2F}.Debug|Any CPU.ActiveCfg = Debug|Any CPU
		{80B1CB02-C288-40BB-ACB7-A52406021D2F}.Debug|Any CPU.Build.0 = Debug|Any CPU
		{80B1CB02-C288-40BB-ACB7-A52406021D2F}.Release|Any CPU.ActiveCfg = Release|Any CPU
		{80B1CB02-C288-40BB-ACB7-A52406021D2F}.Release|Any CPU.Build.0 = Release|Any CPU
	EndGlobalSection
	GlobalSection(SolutionProperties) = preSolution
		HideSolutionNode = FALSE
	EndGlobalSection
	GlobalSection(ExtensibilityGlobals) = postSolution
		SolutionGuid = {C98684F9-119A-4EFA-8425-A9622C8F6C8F}
	EndGlobalSection
EndGlobal
