
Microsoft Visual Studio Solution File, Format Version 12.00
# Visual Studio Version 17
VisualStudioVersion = 17.9.34616.47
MinimumVisualStudioVersion = 10.0.40219.1
Project("{9A19103F-16F7-4668-BE54-9A1E7A4F7556}") = "Muto1503.GUI", "Muto1503.GUI\Muto1503.GUI.csproj", "{BDA67CEA-D8F9-4EF5-852C-7F2ECC9DC3C8}"
EndProject
Project("{9A19103F-16F7-4668-BE54-9A1E7A4F7556}") = "Muto1503.Game", "Muto1503.Game\Muto1503.Game.csproj", "{8C241E36-F8B2-4690-86A5-D84E505ECA1D}"
EndProject
Project("{9A19103F-16F7-4668-BE54-9A1E7A4F7556}") = "Muto1503.Display", "Muto1503.Display\Muto1503.Display.csproj", "{39C95775-5BF2-4715-8F76-8B86EC199DA9}"
EndProject
Global
	GlobalSection(SolutionConfigurationPlatforms) = preSolution
		Debug|Any CPU = Debug|Any CPU
		Release|Any CPU = Release|Any CPU
	EndGlobalSection
	GlobalSection(ProjectConfigurationPlatforms) = postSolution
		{BDA67CEA-D8F9-4EF5-852C-7F2ECC9DC3C8}.Debug|Any CPU.ActiveCfg = Debug|Any CPU
		{BDA67CEA-D8F9-4EF5-852C-7F2ECC9DC3C8}.Debug|Any CPU.Build.0 = Debug|Any CPU
		{BDA67CEA-D8F9-4EF5-852C-7F2ECC9DC3C8}.Release|Any CPU.ActiveCfg = Release|Any CPU
		{BDA67CEA-D8F9-4EF5-852C-7F2ECC9DC3C8}.Release|Any CPU.Build.0 = Release|Any CPU
		{8C241E36-F8B2-4690-86A5-D84E505ECA1D}.Debug|Any CPU.ActiveCfg = Debug|Any CPU
		{8C241E36-F8B2-4690-86A5-D84E505ECA1D}.Debug|Any CPU.Build.0 = Debug|Any CPU
		{8C241E36-F8B2-4690-86A5-D84E505ECA1D}.Release|Any CPU.ActiveCfg = Release|Any CPU
		{8C241E36-F8B2-4690-86A5-D84E505ECA1D}.Release|Any CPU.Build.0 = Release|Any CPU
		{39C95775-5BF2-4715-8F76-8B86EC199DA9}.Debug|Any CPU.ActiveCfg = Debug|Any CPU
		{39C95775-5BF2-4715-8F76-8B86EC199DA9}.Debug|Any CPU.Build.0 = Debug|Any CPU
		{39C95775-5BF2-4715-8F76-8B86EC199DA9}.Release|Any CPU.ActiveCfg = Release|Any CPU
		{39C95775-5BF2-4715-8F76-8B86EC199DA9}.Release|Any CPU.Build.0 = Release|Any CPU
	EndGlobalSection
	GlobalSection(SolutionProperties) = preSolution
		HideSolutionNode = FALSE
	EndGlobalSection
	GlobalSection(ExtensibilityGlobals) = postSolution
		SolutionGuid = {C98684F9-119A-4EFA-8425-A9622C8F6C8F}
	EndGlobalSection
EndGlobal
